
Microsoft Visual Studio Solution File, Format Version 12.00
# Visual Studio 15
VisualStudioVersion = 15.0.28307.421
MinimumVisualStudioVersion = 10.0.40219.1
Project("{D954291E-2A0B-460D-934E-DC6B0785DB48}") = "WiesielecLogika", "WiesielecLogika\WiesielecLogika.shproj", "{3427892B-9A41-4710-8368-AAA07A90E6B6}"
EndProject
Project("{9A19103F-16F7-4668-BE54-9A1E7A4F7556}") = "WisielecInterfejsTekstowy", "WisielecInterfejsTekstowy\WisielecInterfejsTekstowy.csproj", "{D2D3EED9-0320-4B80-98EB-AEFEB9E10250}"
EndProject
Global
	GlobalSection(SharedMSBuildProjectFiles) = preSolution
		WiesielecLogika\WiesielecLogika.projitems*{3427892b-9a41-4710-8368-aaa07a90e6b6}*SharedItemsImports = 13
	EndGlobalSection
	GlobalSection(SolutionConfigurationPlatforms) = preSolution
		Debug|Any CPU = Debug|Any CPU
		Release|Any CPU = Release|Any CPU
	EndGlobalSection
	GlobalSection(ProjectConfigurationPlatforms) = postSolution
		{D2D3EED9-0320-4B80-98EB-AEFEB9E10250}.Debug|Any CPU.ActiveCfg = Debug|Any CPU
		{D2D3EED9-0320-4B80-98EB-AEFEB9E10250}.Debug|Any CPU.Build.0 = Debug|Any CPU
		{D2D3EED9-0320-4B80-98EB-AEFEB9E10250}.Release|Any CPU.ActiveCfg = Release|Any CPU
		{D2D3EED9-0320-4B80-98EB-AEFEB9E10250}.Release|Any CPU.Build.0 = Release|Any CPU
	EndGlobalSection
	GlobalSection(SolutionProperties) = preSolution
		HideSolutionNode = FALSE
	EndGlobalSection
	GlobalSection(ExtensibilityGlobals) = postSolution
		SolutionGuid = {29FE092F-753E-4A9A-8BB3-F3FD0C6DF636}
	EndGlobalSection
EndGlobal
